// !$*UTF8*$!
{
	archiveVersion = 1;
	classes = {
	};
	objectVersion = 46;
	objects = {

/* Begin PBXBuildFile section */
		88513C401E2639E100396F99 /* clinvar.cpp in Sources */ = {isa = PBXBuildFile; fileRef = 88513C3C1E2639E100396F99 /* clinvar.cpp */; };
		88513C411E2639E100396F99 /* enfermedad.cpp in Sources */ = {isa = PBXBuildFile; fileRef = 88513C3D1E2639E100396F99 /* enfermedad.cpp */; };
		88513C421E2639E100396F99 /* mutacion.cpp in Sources */ = {isa = PBXBuildFile; fileRef = 88513C3E1E2639E100396F99 /* mutacion.cpp */; };
		88513C431E2639E100396F99 /* principal.cpp in Sources */ = {isa = PBXBuildFile; fileRef = 88513C3F1E2639E100396F99 /* principal.cpp */; };
		88513C481E2639F400396F99 /* Makefile in Sources */ = {isa = PBXBuildFile; fileRef = 88513C471E2639F400396F99 /* Makefile */; };
/* End PBXBuildFile section */

/* Begin PBXCopyFilesBuildPhase section */
		88513C301E26398D00396F99 /* CopyFiles */ = {
			isa = PBXCopyFilesBuildPhase;
			buildActionMask = 2147483647;
			dstPath = /usr/share/man/man1/;
			dstSubfolderSpec = 0;
			files = (
			);
			runOnlyForDeploymentPostprocessing = 1;
		};
/* End PBXCopyFilesBuildPhase section */

/* Begin PBXFileReference section */
		88513C321E26398D00396F99 /* TDA - Nmer */ = {isa = PBXFileReference; explicitFileType = "compiled.mach-o.executable"; includeInIndex = 0; path = "TDA - Nmer"; sourceTree = BUILT_PRODUCTS_DIR; };
		88513C3C1E2639E100396F99 /* clinvar.cpp */ = {isa = PBXFileReference; fileEncoding = 4; lastKnownFileType = sourcecode.cpp.cpp; name = clinvar.cpp; path = "Práctica 7 - Nmer/src/clinvar.cpp"; sourceTree = SOURCE_ROOT; };
		88513C3D1E2639E100396F99 /* enfermedad.cpp */ = {isa = PBXFileReference; fileEncoding = 4; lastKnownFileType = sourcecode.cpp.cpp; name = enfermedad.cpp; path = "Práctica 7 - Nmer/src/enfermedad.cpp"; sourceTree = SOURCE_ROOT; };
		88513C3E1E2639E100396F99 /* mutacion.cpp */ = {isa = PBXFileReference; fileEncoding = 4; lastKnownFileType = sourcecode.cpp.cpp; name = mutacion.cpp; path = "Práctica 7 - Nmer/src/mutacion.cpp"; sourceTree = SOURCE_ROOT; };
		88513C3F1E2639E100396F99 /* principal.cpp */ = {isa = PBXFileReference; fileEncoding = 4; lastKnownFileType = sourcecode.cpp.cpp; name = principal.cpp; path = "Práctica 7 - Nmer/src/principal.cpp"; sourceTree = SOURCE_ROOT; };
		88513C441E2639EC00396F99 /* clinvar.h */ = {isa = PBXFileReference; lastKnownFileType = sourcecode.c.h; name = clinvar.h; path = "Práctica 7 - Nmer/include/clinvar.h"; sourceTree = SOURCE_ROOT; };
		88513C451E2639EC00396F99 /* enfermedad.h */ = {isa = PBXFileReference; lastKnownFileType = sourcecode.c.h; name = enfermedad.h; path = "Práctica 7 - Nmer/include/enfermedad.h"; sourceTree = SOURCE_ROOT; };
		88513C461E2639EC00396F99 /* mutacion.h */ = {isa = PBXFileReference; lastKnownFileType = sourcecode.c.h; name = mutacion.h; path = "Práctica 7 - Nmer/include/mutacion.h"; sourceTree = SOURCE_ROOT; };
		88513C471E2639F400396F99 /* Makefile */ = {isa = PBXFileReference; fileEncoding = 4; lastKnownFileType = sourcecode.make; name = Makefile; path = "Práctica 7 - Nmer/Makefile"; sourceTree = SOURCE_ROOT; };
/* End PBXFileReference section */

/* Begin PBXFrameworksBuildPhase section */
		88513C2F1E26398D00396F99 /* Frameworks */ = {
			isa = PBXFrameworksBuildPhase;
			buildActionMask = 2147483647;
			files = (
			);
			runOnlyForDeploymentPostprocessing = 0;
		};
/* End PBXFrameworksBuildPhase section */

/* Begin PBXGroup section */
		88513C291E26398D00396F99 = {
			isa = PBXGroup;
			children = (
				88513C341E26398D00396F99 /* Práctica 7 - Nmer */,
				88513C331E26398D00396F99 /* Products */,
			);
			sourceTree = "<group>";
		};
		88513C331E26398D00396F99 /* Products */ = {
			isa = PBXGroup;
			children = (
				88513C321E26398D00396F99 /* TDA - Nmer */,
			);
			name = Products;
			sourceTree = "<group>";
		};
		88513C341E26398D00396F99 /* Práctica 7 - Nmer */ = {
			isa = PBXGroup;
			children = (
				88513C471E2639F400396F99 /* Makefile */,
				88513C451E2639EC00396F99 /* enfermedad.h */,
				88513C3D1E2639E100396F99 /* enfermedad.cpp */,
				88513C461E2639EC00396F99 /* mutacion.h */,
				88513C3E1E2639E100396F99 /* mutacion.cpp */,
				88513C3F1E2639E100396F99 /* principal.cpp */,
				88513C441E2639EC00396F99 /* clinvar.h */,
				88513C3C1E2639E100396F99 /* clinvar.cpp */,
			);
			name = "Práctica 7 - Nmer";
			path = "TDA - Nmer";
			sourceTree = "<group>";
		};
/* End PBXGroup section */

/* Begin PBXNativeTarget section */
		88513C311E26398D00396F99 /* TDA - Nmer */ = {
			isa = PBXNativeTarget;
			buildConfigurationList = 88513C391E26398D00396F99 /* Build configuration list for PBXNativeTarget "TDA - Nmer" */;
			buildPhases = (
				88513C2E1E26398D00396F99 /* Sources */,
				88513C2F1E26398D00396F99 /* Frameworks */,
				88513C301E26398D00396F99 /* CopyFiles */,
			);
			buildRules = (
			);
			dependencies = (
			);
			name = "TDA - Nmer";
			productName = "TDA - Nmer";
			productReference = 88513C321E26398D00396F99 /* TDA - Nmer */;
			productType = "com.apple.product-type.tool";
		};
/* End PBXNativeTarget section */

/* Begin PBXProject section */
		88513C2A1E26398D00396F99 /* Project object */ = {
			isa = PBXProject;
			attributes = {
				LastUpgradeCheck = 0810;
				ORGANIZATIONNAME = "Jesús Jiménez Sánchez";
				TargetAttributes = {
					88513C311E26398D00396F99 = {
						CreatedOnToolsVersion = 8.1;
						ProvisioningStyle = Automatic;
					};
				};
			};
			buildConfigurationList = 88513C2D1E26398D00396F99 /* Build configuration list for PBXProject "TDA - Nmer" */;
			compatibilityVersion = "Xcode 3.2";
			developmentRegion = English;
			hasScannedForEncodings = 0;
			knownRegions = (
				en,
			);
			mainGroup = 88513C291E26398D00396F99;
			productRefGroup = 88513C331E26398D00396F99 /* Products */;
			projectDirPath = "";
			projectRoot = "";
			targets = (
				88513C311E26398D00396F99 /* TDA - Nmer */,
			);
		};
/* End PBXProject section */

/* Begin PBXSourcesBuildPhase section */
		88513C2E1E26398D00396F99 /* Sources */ = {
			isa = PBXSourcesBuildPhase;
			buildActionMask = 2147483647;
			files = (
				88513C481E2639F400396F99 /* Makefile in Sources */,
				88513C431E2639E100396F99 /* principal.cpp in Sources */,
				88513C411E2639E100396F99 /* enfermedad.cpp in Sources */,
				88513C421E2639E100396F99 /* mutacion.cpp in Sources */,
				88513C401E2639E100396F99 /* clinvar.cpp in Sources */,
			);
			runOnlyForDeploymentPostprocessing = 0;
		};
/* End PBXSourcesBuildPhase section */

/* Begin XCBuildConfiguration section */
		88513C371E26398D00396F99 /* Debug */ = {
			isa = XCBuildConfiguration;
			buildSettings = {
				ALWAYS_SEARCH_USER_PATHS = NO;
				CLANG_ANALYZER_NONNULL = YES;
				CLANG_CXX_LANGUAGE_STANDARD = "gnu++0x";
				CLANG_CXX_LIBRARY = "libc++";
				CLANG_ENABLE_MODULES = YES;
				CLANG_ENABLE_OBJC_ARC = YES;
				CLANG_WARN_BOOL_CONVERSION = YES;
				CLANG_WARN_CONSTANT_CONVERSION = YES;
				CLANG_WARN_DIRECT_OBJC_ISA_USAGE = YES_ERROR;
				CLANG_WARN_DOCUMENTATION_COMMENTS = YES;
				CLANG_WARN_EMPTY_BODY = YES;
				CLANG_WARN_ENUM_CONVERSION = YES;
				CLANG_WARN_INFINITE_RECURSION = YES;
				CLANG_WARN_INT_CONVERSION = YES;
				CLANG_WARN_OBJC_ROOT_CLASS = YES_ERROR;
				CLANG_WARN_SUSPICIOUS_MOVES = YES;
				CLANG_WARN_UNREACHABLE_CODE = YES;
				CLANG_WARN__DUPLICATE_METHOD_MATCH = YES;
				CODE_SIGN_IDENTITY = "-";
				COPY_PHASE_STRIP = NO;
				DEBUG_INFORMATION_FORMAT = dwarf;
				ENABLE_STRICT_OBJC_MSGSEND = YES;
				ENABLE_TESTABILITY = YES;
				GCC_C_LANGUAGE_STANDARD = gnu99;
				GCC_DYNAMIC_NO_PIC = NO;
				GCC_NO_COMMON_BLOCKS = YES;
				GCC_OPTIMIZATION_LEVEL = 0;
				GCC_PREPROCESSOR_DEFINITIONS = (
					"DEBUG=1",
					"$(inherited)",
				);
				GCC_WARN_64_TO_32_BIT_CONVERSION = YES;
				GCC_WARN_ABOUT_RETURN_TYPE = YES_ERROR;
				GCC_WARN_UNDECLARED_SELECTOR = YES;
				GCC_WARN_UNINITIALIZED_AUTOS = YES_AGGRESSIVE;
				GCC_WARN_UNUSED_FUNCTION = YES;
				GCC_WARN_UNUSED_VARIABLE = YES;
				MACOSX_DEPLOYMENT_TARGET = 10.12;
				MTL_ENABLE_DEBUG_INFO = YES;
				ONLY_ACTIVE_ARCH = YES;
				SDKROOT = macosx;
			};
			name = Debug;
		};
		88513C381E26398D00396F99 /* Release */ = {
			isa = XCBuildConfiguration;
			buildSettings = {
				ALWAYS_SEARCH_USER_PATHS = NO;
				CLANG_ANALYZER_NONNULL = YES;
				CLANG_CXX_LANGUAGE_STANDARD = "gnu++0x";
				CLANG_CXX_LIBRARY = "libc++";
				CLANG_ENABLE_MODULES = YES;
				CLANG_ENABLE_OBJC_ARC = YES;
				CLANG_WARN_BOOL_CONVERSION = YES;
				CLANG_WARN_CONSTANT_CONVERSION = YES;
				CLANG_WARN_DIRECT_OBJC_ISA_USAGE = YES_ERROR;
				CLANG_WARN_DOCUMENTATION_COMMENTS = YES;
				CLANG_WARN_EMPTY_BODY = YES;
				CLANG_WARN_ENUM_CONVERSION = YES;
				CLANG_WARN_INFINITE_RECURSION = YES;
				CLANG_WARN_INT_CONVERSION = YES;
				CLANG_WARN_OBJC_ROOT_CLASS = YES_ERROR;
				CLANG_WARN_SUSPICIOUS_MOVES = YES;
				CLANG_WARN_UNREACHABLE_CODE = YES;
				CLANG_WARN__DUPLICATE_METHOD_MATCH = YES;
				CODE_SIGN_IDENTITY = "-";
				COPY_PHASE_STRIP = NO;
				DEBUG_INFORMATION_FORMAT = "dwarf-with-dsym";
				ENABLE_NS_ASSERTIONS = NO;
				ENABLE_STRICT_OBJC_MSGSEND = YES;
				GCC_C_LANGUAGE_STANDARD = gnu99;
				GCC_NO_COMMON_BLOCKS = YES;
				GCC_WARN_64_TO_32_BIT_CONVERSION = YES;
				GCC_WARN_ABOUT_RETURN_TYPE = YES_ERROR;
				GCC_WARN_UNDECLARED_SELECTOR = YES;
				GCC_WARN_UNINITIALIZED_AUTOS = YES_AGGRESSIVE;
				GCC_WARN_UNUSED_FUNCTION = YES;
				GCC_WARN_UNUSED_VARIABLE = YES;
				MACOSX_DEPLOYMENT_TARGET = 10.12;
				MTL_ENABLE_DEBUG_INFO = NO;
				SDKROOT = macosx;
			};
			name = Release;
		};
		88513C3A1E26398D00396F99 /* Debug */ = {
			isa = XCBuildConfiguration;
			buildSettings = {
				PRODUCT_NAME = "$(TARGET_NAME)";
			};
			name = Debug;
		};
		88513C3B1E26398D00396F99 /* Release */ = {
			isa = XCBuildConfiguration;
			buildSettings = {
				PRODUCT_NAME = "$(TARGET_NAME)";
			};
			name = Release;
		};
/* End XCBuildConfiguration section */

/* Begin XCConfigurationList section */
		88513C2D1E26398D00396F99 /* Build configuration list for PBXProject "TDA - Nmer" */ = {
			isa = XCConfigurationList;
			buildConfigurations = (
				88513C371E26398D00396F99 /* Debug */,
				88513C381E26398D00396F99 /* Release */,
			);
			defaultConfigurationIsVisible = 0;
			defaultConfigurationName = Release;
		};
		88513C391E26398D00396F99 /* Build configuration list for PBXNativeTarget "TDA - Nmer" */ = {
			isa = XCConfigurationList;
			buildConfigurations = (
				88513C3A1E26398D00396F99 /* Debug */,
				88513C3B1E26398D00396F99 /* Release */,
			);
			defaultConfigurationIsVisible = 0;
		};
/* End XCConfigurationList section */
	};
	rootObject = 88513C2A1E26398D00396F99 /* Project object */;
}
